
Microsoft Visual Studio Solution File, Format Version 12.00
# Visual Studio Version 16
VisualStudioVersion = 16.0.31129.286
MinimumVisualStudioVersion = 10.0.40219.1
Project("{FAE04EC0-301F-11D3-BF4B-00C04F79EFBC}") = "SystemOfEquations", "SystemOfEquations.csproj", "{0CAB70EE-EE07-4DE7-A824-5B1854DC6F69}"
EndProject
Global
	GlobalSection(SolutionConfigurationPlatforms) = preSolution
		Debug|Any CPU = Debug|Any CPU
		Release|Any CPU = Release|Any CPU
	EndGlobalSection
	GlobalSection(ProjectConfigurationPlatforms) = postSolution
		{0CAB70EE-EE07-4DE7-A824-5B1854DC6F69}.Debug|Any CPU.ActiveCfg = Debug|Any CPU
		{0CAB70EE-EE07-4DE7-A824-5B1854DC6F69}.Debug|Any CPU.Build.0 = Debug|Any CPU
		{0CAB70EE-EE07-4DE7-A824-5B1854DC6F69}.Release|Any CPU.ActiveCfg = Release|Any CPU
		{0CAB70EE-EE07-4DE7-A824-5B1854DC6F69}.Release|Any CPU.Build.0 = Release|Any CPU
	EndGlobalSection
	GlobalSection(SolutionProperties) = preSolution
		HideSolutionNode = FALSE
	EndGlobalSection
	GlobalSection(ExtensibilityGlobals) = postSolution
		SolutionGuid = {F7C8D10B-C97F-40E5-A90D-42BA75B9CF69}
	EndGlobalSection
EndGlobal
